
Microsoft Visual Studio Solution File, Format Version 12.00
# Visual Studio Version 17
VisualStudioVersion = 17.2.32519.379
MinimumVisualStudioVersion = 10.0.40219.1
Project("{9A19103F-16F7-4668-BE54-9A1E7A4F7556}") = "DesignPattern", "DesignPattern\DesignPattern.csproj", "{4329E944-AC28-46C3-93ED-804E7C661B93}"
EndProject
Global
	GlobalSection(SolutionConfigurationPlatforms) = preSolution
		Debug|Any CPU = Debug|Any CPU
		Release|Any CPU = Release|Any CPU
	EndGlobalSection
	GlobalSection(ProjectConfigurationPlatforms) = postSolution
		{4329E944-AC28-46C3-93ED-804E7C661B93}.Debug|Any CPU.ActiveCfg = Debug|Any CPU
		{4329E944-AC28-46C3-93ED-804E7C661B93}.Debug|Any CPU.Build.0 = Debug|Any CPU
		{4329E944-AC28-46C3-93ED-804E7C661B93}.Release|Any CPU.ActiveCfg = Release|Any CPU
		{4329E944-AC28-46C3-93ED-804E7C661B93}.Release|Any CPU.Build.0 = Release|Any CPU
	EndGlobalSection
	GlobalSection(SolutionProperties) = preSolution
		HideSolutionNode = FALSE
	EndGlobalSection
	GlobalSection(ExtensibilityGlobals) = postSolution
		SolutionGuid = {5F377D27-3DBE-4AF3-9E79-1AE5CE959933}
	EndGlobalSection
EndGlobal
